// !$*UTF8*$!
{
	archiveVersion = 1;
	classes = {
	};
	objectVersion = 46;
	objects = {

/* Begin PBXBuildFile section */
		1463A7FE19D74D4600FCFA86 /* AppDelegate.swift in Sources */ = {isa = PBXBuildFile; fileRef = 1463A7FD19D74D4600FCFA86 /* AppDelegate.swift */; };
		1463A80019D74D4600FCFA86 /* ViewController.swift in Sources */ = {isa = PBXBuildFile; fileRef = 1463A7FF19D74D4600FCFA86 /* ViewController.swift */; };
		1463A80319D74D4600FCFA86 /* Main.storyboard in Resources */ = {isa = PBXBuildFile; fileRef = 1463A80119D74D4600FCFA86 /* Main.storyboard */; };
		1463A80519D74D4600FCFA86 /* Images.xcassets in Resources */ = {isa = PBXBuildFile; fileRef = 1463A80419D74D4600FCFA86 /* Images.xcassets */; };
		1463A80819D74D4600FCFA86 /* LaunchScreen.xib in Resources */ = {isa = PBXBuildFile; fileRef = 1463A80619D74D4600FCFA86 /* LaunchScreen.xib */; };
		1463A81419D74D4600FCFA86 /* TwitterTests.swift in Sources */ = {isa = PBXBuildFile; fileRef = 1463A81319D74D4600FCFA86 /* TwitterTests.swift */; };
/* End PBXBuildFile section */

/* Begin PBXContainerItemProxy section */
		1463A80E19D74D4600FCFA86 /* PBXContainerItemProxy */ = {
			isa = PBXContainerItemProxy;
			containerPortal = 1463A7F019D74D4600FCFA86 /* Project object */;
			proxyType = 1;
			remoteGlobalIDString = 1463A7F719D74D4600FCFA86;
			remoteInfo = Twitter;
		};
/* End PBXContainerItemProxy section */

/* Begin PBXFileReference section */
		1463A7F819D74D4600FCFA86 /* Twitter.app */ = {isa = PBXFileReference; explicitFileType = wrapper.application; includeInIndex = 0; path = Twitter.app; sourceTree = BUILT_PRODUCTS_DIR; };
		1463A7FC19D74D4600FCFA86 /* Info.plist */ = {isa = PBXFileReference; lastKnownFileType = text.plist.xml; path = Info.plist; sourceTree = "<group>"; };
		1463A7FD19D74D4600FCFA86 /* AppDelegate.swift */ = {isa = PBXFileReference; lastKnownFileType = sourcecode.swift; path = AppDelegate.swift; sourceTree = "<group>"; };
		1463A7FF19D74D4600FCFA86 /* ViewController.swift */ = {isa = PBXFileReference; lastKnownFileType = sourcecode.swift; path = ViewController.swift; sourceTree = "<group>"; };
		1463A80219D74D4600FCFA86 /* Base */ = {isa = PBXFileReference; lastKnownFileType = file.storyboard; name = Base; path = Base.lproj/Main.storyboard; sourceTree = "<group>"; };
		1463A80419D74D4600FCFA86 /* Images.xcassets */ = {isa = PBXFileReference; lastKnownFileType = folder.assetcatalog; path = Images.xcassets; sourceTree = "<group>"; };
		1463A80719D74D4600FCFA86 /* Base */ = {isa = PBXFileReference; lastKnownFileType = file.xib; name = Base; path = Base.lproj/LaunchScreen.xib; sourceTree = "<group>"; };
		1463A80D19D74D4600FCFA86 /* TwitterTests.xctest */ = {isa = PBXFileReference; explicitFileType = wrapper.cfbundle; includeInIndex = 0; path = TwitterTests.xctest; sourceTree = BUILT_PRODUCTS_DIR; };
		1463A81219D74D4600FCFA86 /* Info.plist */ = {isa = PBXFileReference; lastKnownFileType = text.plist.xml; path = Info.plist; sourceTree = "<group>"; };
		1463A81319D74D4600FCFA86 /* TwitterTests.swift */ = {isa = PBXFileReference; lastKnownFileType = sourcecode.swift; path = TwitterTests.swift; sourceTree = "<group>"; };
/* End PBXFileReference section */

/* Begin PBXFrameworksBuildPhase section */
		1463A7F519D74D4600FCFA86 /* Frameworks */ = {
			isa = PBXFrameworksBuildPhase;
			buildActionMask = 2147483647;
			files = (
			);
			runOnlyForDeploymentPostprocessing = 0;
		};
		1463A80A19D74D4600FCFA86 /* Frameworks */ = {
			isa = PBXFrameworksBuildPhase;
			buildActionMask = 2147483647;
			files = (
			);
			runOnlyForDeploymentPostprocessing = 0;
		};
/* End PBXFrameworksBuildPhase section */

/* Begin PBXGroup section */
		1463A7EF19D74D4600FCFA86 = {
			isa = PBXGroup;
			children = (
				1463A7FA19D74D4600FCFA86 /* Twitter */,
				1463A81019D74D4600FCFA86 /* TwitterTests */,
				1463A7F919D74D4600FCFA86 /* Products */,
			);
			sourceTree = "<group>";
		};
		1463A7F919D74D4600FCFA86 /* Products */ = {
			isa = PBXGroup;
			children = (
				1463A7F819D74D4600FCFA86 /* Twitter.app */,
				1463A80D19D74D4600FCFA86 /* TwitterTests.xctest */,
			);
			name = Products;
			sourceTree = "<group>";
		};
		1463A7FA19D74D4600FCFA86 /* Twitter */ = {
			isa = PBXGroup;
			children = (
				1463A7FD19D74D4600FCFA86 /* AppDelegate.swift */,
				1463A7FF19D74D4600FCFA86 /* ViewController.swift */,
				1463A80119D74D4600FCFA86 /* Main.storyboard */,
				1463A80419D74D4600FCFA86 /* Images.xcassets */,
				1463A80619D74D4600FCFA86 /* LaunchScreen.xib */,
				1463A7FB19D74D4600FCFA86 /* Supporting Files */,
			);
			path = Twitter;
			sourceTree = "<group>";
		};
		1463A7FB19D74D4600FCFA86 /* Supporting Files */ = {
			isa = PBXGroup;
			children = (
				1463A7FC19D74D4600FCFA86 /* Info.plist */,
			);
			name = "Supporting Files";
			sourceTree = "<group>";
		};
		1463A81019D74D4600FCFA86 /* TwitterTests */ = {
			isa = PBXGroup;
			children = (
				1463A81319D74D4600FCFA86 /* TwitterTests.swift */,
				1463A81119D74D4600FCFA86 /* Supporting Files */,
			);
			path = TwitterTests;
			sourceTree = "<group>";
		};
		1463A81119D74D4600FCFA86 /* Supporting Files */ = {
			isa = PBXGroup;
			children = (
				1463A81219D74D4600FCFA86 /* Info.plist */,
			);
			name = "Supporting Files";
			sourceTree = "<group>";
		};
/* End PBXGroup section */

/* Begin PBXNativeTarget section */
		1463A7F719D74D4600FCFA86 /* Twitter */ = {
			isa = PBXNativeTarget;
			buildConfigurationList = 1463A81719D74D4600FCFA86 /* Build configuration list for PBXNativeTarget "Twitter" */;
			buildPhases = (
				1463A7F419D74D4600FCFA86 /* Sources */,
				1463A7F519D74D4600FCFA86 /* Frameworks */,
				1463A7F619D74D4600FCFA86 /* Resources */,
			);
			buildRules = (
			);
			dependencies = (
			);
			name = Twitter;
			productName = Twitter;
			productReference = 1463A7F819D74D4600FCFA86 /* Twitter.app */;
			productType = "com.apple.product-type.application";
		};
		1463A80C19D74D4600FCFA86 /* TwitterTests */ = {
			isa = PBXNativeTarget;
			buildConfigurationList = 1463A81A19D74D4600FCFA86 /* Build configuration list for PBXNativeTarget "TwitterTests" */;
			buildPhases = (
				1463A80919D74D4600FCFA86 /* Sources */,
				1463A80A19D74D4600FCFA86 /* Frameworks */,
				1463A80B19D74D4600FCFA86 /* Resources */,
			);
			buildRules = (
			);
			dependencies = (
				1463A80F19D74D4600FCFA86 /* PBXTargetDependency */,
			);
			name = TwitterTests;
			productName = TwitterTests;
			productReference = 1463A80D19D74D4600FCFA86 /* TwitterTests.xctest */;
			productType = "com.apple.product-type.bundle.unit-test";
		};
/* End PBXNativeTarget section */

/* Begin PBXProject section */
		1463A7F019D74D4600FCFA86 /* Project object */ = {
			isa = PBXProject;
			attributes = {
				LastUpgradeCheck = 0600;
				ORGANIZATIONNAME = "Jason Mitchell";
				TargetAttributes = {
					1463A7F719D74D4600FCFA86 = {
						CreatedOnToolsVersion = 6.0.1;
					};
					1463A80C19D74D4600FCFA86 = {
						CreatedOnToolsVersion = 6.0.1;
						TestTargetID = 1463A7F719D74D4600FCFA86;
					};
				};
			};
			buildConfigurationList = 1463A7F319D74D4600FCFA86 /* Build configuration list for PBXProject "Twitter" */;
			compatibilityVersion = "Xcode 3.2";
			developmentRegion = English;
			hasScannedForEncodings = 0;
			knownRegions = (
				en,
				Base,
			);
			mainGroup = 1463A7EF19D74D4600FCFA86;
			productRefGroup = 1463A7F919D74D4600FCFA86 /* Products */;
			projectDirPath = "";
			projectRoot = "";
			targets = (
				1463A7F719D74D4600FCFA86 /* Twitter */,
				1463A80C19D74D4600FCFA86 /* TwitterTests */,
			);
		};
/* End PBXProject section */

/* Begin PBXResourcesBuildPhase section */
		1463A7F619D74D4600FCFA86 /* Resources */ = {
			isa = PBXResourcesBuildPhase;
			buildActionMask = 2147483647;
			files = (
				1463A80319D74D4600FCFA86 /* Main.storyboard in Resources */,
				1463A80819D74D4600FCFA86 /* LaunchScreen.xib in Resources */,
				1463A80519D74D4600FCFA86 /* Images.xcassets in Resources */,
			);
			runOnlyForDeploymentPostprocessing = 0;
		};
		1463A80B19D74D4600FCFA86 /* Resources */ = {
			isa = PBXResourcesBuildPhase;
			buildActionMask = 2147483647;
			files = (
			);
			runOnlyForDeploymentPostprocessing = 0;
		};
/* End PBXResourcesBuildPhase section */

/* Begin PBXSourcesBuildPhase section */
		1463A7F419D74D4600FCFA86 /* Sources */ = {
			isa = PBXSourcesBuildPhase;
			buildActionMask = 2147483647;
			files = (
				1463A80019D74D4600FCFA86 /* ViewController.swift in Sources */,
				1463A7FE19D74D4600FCFA86 /* AppDelegate.swift in Sources */,
			);
			runOnlyForDeploymentPostprocessing = 0;
		};
		1463A80919D74D4600FCFA86 /* Sources */ = {
			isa = PBXSourcesBuildPhase;
			buildActionMask = 2147483647;
			files = (
				1463A81419D74D4600FCFA86 /* TwitterTests.swift in Sources */,
			);
			runOnlyForDeploymentPostprocessing = 0;
		};
/* End PBXSourcesBuildPhase section */

/* Begin PBXTargetDependency section */
		1463A80F19D74D4600FCFA86 /* PBXTargetDependency */ = {
			isa = PBXTargetDependency;
			target = 1463A7F719D74D4600FCFA86 /* Twitter */;
			targetProxy = 1463A80E19D74D4600FCFA86 /* PBXContainerItemProxy */;
		};
/* End PBXTargetDependency section */

/* Begin PBXVariantGroup section */
		1463A80119D74D4600FCFA86 /* Main.storyboard */ = {
			isa = PBXVariantGroup;
			children = (
				1463A80219D74D4600FCFA86 /* Base */,
			);
			name = Main.storyboard;
			sourceTree = "<group>";
		};
		1463A80619D74D4600FCFA86 /* LaunchScreen.xib */ = {
			isa = PBXVariantGroup;
			children = (
				1463A80719D74D4600FCFA86 /* Base */,
			);
			name = LaunchScreen.xib;
			sourceTree = "<group>";
		};
/* End PBXVariantGroup section */

/* Begin XCBuildConfiguration section */
		1463A81519D74D4600FCFA86 /* Debug */ = {
			isa = XCBuildConfiguration;
			buildSettings = {
				ALWAYS_SEARCH_USER_PATHS = NO;
				CLANG_CXX_LANGUAGE_STANDARD = "gnu++0x";
				CLANG_CXX_LIBRARY = "libc++";
				CLANG_ENABLE_MODULES = YES;
				CLANG_ENABLE_OBJC_ARC = YES;
				CLANG_WARN_BOOL_CONVERSION = YES;
				CLANG_WARN_CONSTANT_CONVERSION = YES;
				CLANG_WARN_DIRECT_OBJC_ISA_USAGE = YES_ERROR;
				CLANG_WARN_EMPTY_BODY = YES;
				CLANG_WARN_ENUM_CONVERSION = YES;
				CLANG_WARN_INT_CONVERSION = YES;
				CLANG_WARN_OBJC_ROOT_CLASS = YES_ERROR;
				CLANG_WARN_UNREACHABLE_CODE = YES;
				CLANG_WARN__DUPLICATE_METHOD_MATCH = YES;
				"CODE_SIGN_IDENTITY[sdk=iphoneos*]" = "iPhone Developer";
				COPY_PHASE_STRIP = NO;
				ENABLE_STRICT_OBJC_MSGSEND = YES;
				GCC_C_LANGUAGE_STANDARD = gnu99;
				GCC_DYNAMIC_NO_PIC = NO;
				GCC_OPTIMIZATION_LEVEL = 0;
				GCC_PREPROCESSOR_DEFINITIONS = (
					"DEBUG=1",
					"$(inherited)",
				);
				GCC_SYMBOLS_PRIVATE_EXTERN = NO;
				GCC_WARN_64_TO_32_BIT_CONVERSION = YES;
				GCC_WARN_ABOUT_RETURN_TYPE = YES_ERROR;
				GCC_WARN_UNDECLARED_SELECTOR = YES;
				GCC_WARN_UNINITIALIZED_AUTOS = YES_AGGRESSIVE;
				GCC_WARN_UNUSED_FUNCTION = YES;
				GCC_WARN_UNUSED_VARIABLE = YES;
				IPHONEOS_DEPLOYMENT_TARGET = 8.0;
				MTL_ENABLE_DEBUG_INFO = YES;
				ONLY_ACTIVE_ARCH = YES;
				SDKROOT = iphoneos;
				SWIFT_OPTIMIZATION_LEVEL = "-Onone";
				TARGETED_DEVICE_FAMILY = "1,2";
			};
			name = Debug;
		};
		1463A81619D74D4600FCFA86 /* Release */ = {
			isa = XCBuildConfiguration;
			buildSettings = {
				ALWAYS_SEARCH_USER_PATHS = NO;
				CLANG_CXX_LANGUAGE_STANDARD = "gnu++0x";
				CLANG_CXX_LIBRARY = "libc++";
				CLANG_ENABLE_MODULES = YES;
				CLANG_ENABLE_OBJC_ARC = YES;
				CLANG_WARN_BOOL_CONVERSION = YES;
				CLANG_WARN_CONSTANT_CONVERSION = YES;
				CLANG_WARN_DIRECT_OBJC_ISA_USAGE = YES_ERROR;
				CLANG_WARN_EMPTY_BODY = YES;
				CLANG_WARN_ENUM_CONVERSION = YES;
				CLANG_WARN_INT_CONVERSION = YES;
				CLANG_WARN_OBJC_ROOT_CLASS = YES_ERROR;
				CLANG_WARN_UNREACHABLE_CODE = YES;
				CLANG_WARN__DUPLICATE_METHOD_MATCH = YES;
				"CODE_SIGN_IDENTITY[sdk=iphoneos*]" = "iPhone Developer";
				COPY_PHASE_STRIP = YES;
				ENABLE_NS_ASSERTIONS = NO;
				ENABLE_STRICT_OBJC_MSGSEND = YES;
				GCC_C_LANGUAGE_STANDARD = gnu99;
				GCC_WARN_64_TO_32_BIT_CONVERSION = YES;
				GCC_WARN_ABOUT_RETURN_TYPE = YES_ERROR;
				GCC_WARN_UNDECLARED_SELECTOR = YES;
				GCC_WARN_UNINITIALIZED_AUTOS = YES_AGGRESSIVE;
				GCC_WARN_UNUSED_FUNCTION = YES;
				GCC_WARN_UNUSED_VARIABLE = YES;
				IPHONEOS_DEPLOYMENT_TARGET = 8.0;
				MTL_ENABLE_DEBUG_INFO = NO;
				SDKROOT = iphoneos;
				TARGETED_DEVICE_FAMILY = "1,2";
				VALIDATE_PRODUCT = YES;
			};
			name = Release;
		};
		1463A81819D74D4600FCFA86 /* Debug */ = {
			isa = XCBuildConfiguration;
			buildSettings = {
				ASSETCATALOG_COMPILER_APPICON_NAME = AppIcon;
				INFOPLIST_FILE = Twitter/Info.plist;
				LD_RUNPATH_SEARCH_PATHS = "$(inherited) @executable_path/Frameworks";
				PRODUCT_NAME = "$(TARGET_NAME)";
			};
			name = Debug;
		};
		1463A81919D74D4600FCFA86 /* Release */ = {
			isa = XCBuildConfiguration;
			buildSettings = {
				ASSETCATALOG_COMPILER_APPICON_NAME = AppIcon;
				INFOPLIST_FILE = Twitter/Info.plist;
				LD_RUNPATH_SEARCH_PATHS = "$(inherited) @executable_path/Frameworks";
				PRODUCT_NAME = "$(TARGET_NAME)";
			};
			name = Release;
		};
		1463A81B19D74D4600FCFA86 /* Debug */ = {
			isa = XCBuildConfiguration;
			buildSettings = {
				BUNDLE_LOADER = "$(TEST_HOST)";
				FRAMEWORK_SEARCH_PATHS = (
					"$(SDKROOT)/Developer/Library/Frameworks",
					"$(inherited)",
				);
				GCC_PREPROCESSOR_DEFINITIONS = (
					"DEBUG=1",
					"$(inherited)",
				);
				INFOPLIST_FILE = TwitterTests/Info.plist;
				LD_RUNPATH_SEARCH_PATHS = "$(inherited) @executable_path/Frameworks @loader_path/Frameworks";
				PRODUCT_NAME = "$(TARGET_NAME)";
				TEST_HOST = "$(BUILT_PRODUCTS_DIR)/Twitter.app/Twitter";
			};
			name = Debug;
		};
		1463A81C19D74D4600FCFA86 /* Release */ = {
			isa = XCBuildConfiguration;
			buildSettings = {
				BUNDLE_LOADER = "$(TEST_HOST)";
				FRAMEWORK_SEARCH_PATHS = (
					"$(SDKROOT)/Developer/Library/Frameworks",
					"$(inherited)",
				);
				INFOPLIST_FILE = TwitterTests/Info.plist;
				LD_RUNPATH_SEARCH_PATHS = "$(inherited) @executable_path/Frameworks @loader_path/Frameworks";
				PRODUCT_NAME = "$(TARGET_NAME)";
				TEST_HOST = "$(BUILT_PRODUCTS_DIR)/Twitter.app/Twitter";
			};
			name = Release;
		};
/* End XCBuildConfiguration section */

/* Begin XCConfigurationList section */
		1463A7F319D74D4600FCFA86 /* Build configuration list for PBXProject "Twitter" */ = {
			isa = XCConfigurationList;
			buildConfigurations = (
				1463A81519D74D4600FCFA86 /* Debug */,
				1463A81619D74D4600FCFA86 /* Release */,
			);
			defaultConfigurationIsVisible = 0;
			defaultConfigurationName = Release;
		};
		1463A81719D74D4600FCFA86 /* Build configuration list for PBXNativeTarget "Twitter" */ = {
			isa = XCConfigurationList;
			buildConfigurations = (
				1463A81819D74D4600FCFA86 /* Debug */,
				1463A81919D74D4600FCFA86 /* Release */,
			);
			defaultConfigurationIsVisible = 0;
		};
		1463A81A19D74D4600FCFA86 /* Build configuration list for PBXNativeTarget "TwitterTests" */ = {
			isa = XCConfigurationList;
			buildConfigurations = (
				1463A81B19D74D4600FCFA86 /* Debug */,
				1463A81C19D74D4600FCFA86 /* Release */,
			);
			defaultConfigurationIsVisible = 0;
		};
/* End XCConfigurationList section */
	};
	rootObject = 1463A7F019D74D4600FCFA86 /* Project object */;
}
